
Microsoft Visual Studio Solution File, Format Version 10.00
# Visual Studio 2008
Project("{FAE04EC0-301F-11D3-BF4B-00C04F79EFBC}") = "SynchronousWebServiceCalling", "SynchronousWebServiceCalling\SynchronousWebServiceCalling.csproj", "{D0935281-6317-412D-9FB6-B8D1835786D8}"
	ProjectSection(ProjectDependencies) = postProject
		{EE93454C-57EC-4E52-B3E5-21D814C6FC26} = {EE93454C-57EC-4E52-B3E5-21D814C6FC26}
	EndProjectSection
EndProject
Project("{FAE04EC0-301F-11D3-BF4B-00C04F79EFBC}") = "SynchronousWebServiceCalling.Web", "SynchronousWebServiceCalling.Web\SynchronousWebServiceCalling.Web.csproj", "{EE93454C-57EC-4E52-B3E5-21D814C6FC26}"
EndProject
Global
	GlobalSection(SolutionConfigurationPlatforms) = preSolution
		Debug|Any CPU = Debug|Any CPU
		Release|Any CPU = Release|Any CPU
	EndGlobalSection
	GlobalSection(ProjectConfigurationPlatforms) = postSolution
		{D0935281-6317-412D-9FB6-B8D1835786D8}.Debug|Any CPU.ActiveCfg = Debug|Any CPU
		{D0935281-6317-412D-9FB6-B8D1835786D8}.Debug|Any CPU.Build.0 = Debug|Any CPU
		{D0935281-6317-412D-9FB6-B8D1835786D8}.Release|Any CPU.ActiveCfg = Release|Any CPU
		{D0935281-6317-412D-9FB6-B8D1835786D8}.Release|Any CPU.Build.0 = Release|Any CPU
		{EE93454C-57EC-4E52-B3E5-21D814C6FC26}.Debug|Any CPU.ActiveCfg = Debug|Any CPU
		{EE93454C-57EC-4E52-B3E5-21D814C6FC26}.Debug|Any CPU.Build.0 = Debug|Any CPU
		{EE93454C-57EC-4E52-B3E5-21D814C6FC26}.Release|Any CPU.ActiveCfg = Release|Any CPU
		{EE93454C-57EC-4E52-B3E5-21D814C6FC26}.Release|Any CPU.Build.0 = Release|Any CPU
	EndGlobalSection
	GlobalSection(SolutionProperties) = preSolution
		HideSolutionNode = FALSE
	EndGlobalSection
EndGlobal
